
Microsoft Visual Studio Solution File, Format Version 12.00
# Visual Studio 2013
VisualStudioVersion = 12.0.31101.0
MinimumVisualStudioVersion = 10.0.40219.1
Project("{FAE04EC0-301F-11D3-BF4B-00C04F79EFBC}") = "APM.WebAPI", "APM.WebAPI\APM.WebAPI.csproj", "{FC7E0A01-541C-4187-82FD-D39AC64C0510}"
EndProject
Project("{E24C65DC-7377-472B-9ABA-BC803B73C61A}") = "APM.Client", "http://localhost:15697", "{73BEFC53-056E-4448-AB56-1ECE019DDD5C}"
	ProjectSection(WebsiteProperties) = preProject
		UseIISExpress = "true"
		TargetFrameworkMoniker = ".NETFramework,Version%3Dv4.5"
		Debug.AspNetCompiler.VirtualPath = "/localhost_15697"
		Debug.AspNetCompiler.PhysicalPath = "..\..\WebSites\APM.Client\"
		Debug.AspNetCompiler.TargetPath = "PrecompiledWeb\localhost_15697\"
		Debug.AspNetCompiler.Updateable = "true"
		Debug.AspNetCompiler.ForceOverwrite = "true"
		Debug.AspNetCompiler.FixedNames = "false"
		Debug.AspNetCompiler.Debug = "True"
		Release.AspNetCompiler.VirtualPath = "/localhost_15697"
		Release.AspNetCompiler.PhysicalPath = "..\..\WebSites\APM.Client\"
		Release.AspNetCompiler.TargetPath = "PrecompiledWeb\localhost_15697\"
		Release.AspNetCompiler.Updateable = "true"
		Release.AspNetCompiler.ForceOverwrite = "true"
		Release.AspNetCompiler.FixedNames = "false"
		Release.AspNetCompiler.Debug = "False"
		SlnRelativePath = "..\..\WebSites\APM.Client\"
		DefaultWebSiteLanguage = "Visual C#"
	EndProjectSection
EndProject
Global
	GlobalSection(SolutionConfigurationPlatforms) = preSolution
		Debug|Any CPU = Debug|Any CPU
		Release|Any CPU = Release|Any CPU
	EndGlobalSection
	GlobalSection(ProjectConfigurationPlatforms) = postSolution
		{FC7E0A01-541C-4187-82FD-D39AC64C0510}.Debug|Any CPU.ActiveCfg = Debug|Any CPU
		{FC7E0A01-541C-4187-82FD-D39AC64C0510}.Debug|Any CPU.Build.0 = Debug|Any CPU
		{FC7E0A01-541C-4187-82FD-D39AC64C0510}.Release|Any CPU.ActiveCfg = Release|Any CPU
		{FC7E0A01-541C-4187-82FD-D39AC64C0510}.Release|Any CPU.Build.0 = Release|Any CPU
		{73BEFC53-056E-4448-AB56-1ECE019DDD5C}.Debug|Any CPU.ActiveCfg = Debug|Any CPU
		{73BEFC53-056E-4448-AB56-1ECE019DDD5C}.Debug|Any CPU.Build.0 = Debug|Any CPU
		{73BEFC53-056E-4448-AB56-1ECE019DDD5C}.Release|Any CPU.ActiveCfg = Debug|Any CPU
		{73BEFC53-056E-4448-AB56-1ECE019DDD5C}.Release|Any CPU.Build.0 = Debug|Any CPU
	EndGlobalSection
	GlobalSection(SolutionProperties) = preSolution
		HideSolutionNode = FALSE
	EndGlobalSection
EndGlobal
